// !$*UTF8*$!
{
	archiveVersion = 1;
	classes = {
	};
	objectVersion = 48;
	objects = {

/* Begin PBXBuildFile section */
		4590E8F0DABB5ECCDB0F39EB /* Pods_SimmerTests.framework in Frameworks */ = {isa = PBXBuildFile; fileRef = A5D2E02A13DD6A35A776B944 /* Pods_SimmerTests.framework */; };
		5B6E38594E758FEECEF46F17 /* Pods_Simmer.framework in Frameworks */ = {isa = PBXBuildFile; fileRef = A43FDAD9FAECA6992E8E2D3E /* Pods_Simmer.framework */; };
		7A0ABB11202502E5006EA0B3 /* MockFetchResolver.swift in Sources */ = {isa = PBXBuildFile; fileRef = 7A0ABB10202502E5006EA0B3 /* MockFetchResolver.swift */; };
		7A0ABB1420250580006EA0B3 /* MockSessionFetchManagerDelegate.swift in Sources */ = {isa = PBXBuildFile; fileRef = 7A0ABB1320250580006EA0B3 /* MockSessionFetchManagerDelegate.swift */; };
		7A0D6D4F201BC09000067A04 /* AppDelegate.swift in Sources */ = {isa = PBXBuildFile; fileRef = 7A0D6D4E201BC09000067A04 /* AppDelegate.swift */; };
		7A0D6D51201BC09000067A04 /* SessionListViewController.swift in Sources */ = {isa = PBXBuildFile; fileRef = 7A0D6D50201BC09000067A04 /* SessionListViewController.swift */; };
		7A0D6D54201BC09000067A04 /* Main.storyboard in Resources */ = {isa = PBXBuildFile; fileRef = 7A0D6D52201BC09000067A04 /* Main.storyboard */; };
		7A0D6D59201BC09000067A04 /* Assets.xcassets in Resources */ = {isa = PBXBuildFile; fileRef = 7A0D6D58201BC09000067A04 /* Assets.xcassets */; };
		7A0D6D5C201BC09000067A04 /* LaunchScreen.storyboard in Resources */ = {isa = PBXBuildFile; fileRef = 7A0D6D5A201BC09000067A04 /* LaunchScreen.storyboard */; };
		7A0D6D67201BC09000067A04 /* FetchManagerTests.swift in Sources */ = {isa = PBXBuildFile; fileRef = 7A0D6D66201BC09000067A04 /* FetchManagerTests.swift */; };
		7A0D6D732022704200067A04 /* FetchManager.swift in Sources */ = {isa = PBXBuildFile; fileRef = 7A0D6D722022704200067A04 /* FetchManager.swift */; };
		7A0D6D77202271C100067A04 /* FetchResult.swift in Sources */ = {isa = PBXBuildFile; fileRef = 7A0D6D76202271C100067A04 /* FetchResult.swift */; };
		7A0D6D79202272F000067A04 /* SampleFetchResolver.swift in Sources */ = {isa = PBXBuildFile; fileRef = 7A0D6D78202272F000067A04 /* SampleFetchResolver.swift */; };
		7A0D6D7B202272FA00067A04 /* FetchResolver.swift in Sources */ = {isa = PBXBuildFile; fileRef = 7A0D6D7A202272FA00067A04 /* FetchResolver.swift */; };
		7A0D6D7D20227CAC00067A04 /* StoredSession.swift in Sources */ = {isa = PBXBuildFile; fileRef = 7A0D6D7C20227CAC00067A04 /* StoredSession.swift */; };
		7A7B1129202A612300C4B4B2 /* DisplayableSession.swift in Sources */ = {isa = PBXBuildFile; fileRef = 7A7B1128202A612300C4B4B2 /* DisplayableSession.swift */; };
		7A7B112C202A628D00C4B4B2 /* RealmManager.swift in Sources */ = {isa = PBXBuildFile; fileRef = 7A7B112B202A628D00C4B4B2 /* RealmManager.swift */; };
		7A7B1130202A649000C4B4B2 /* StoredSessionTests.swift in Sources */ = {isa = PBXBuildFile; fileRef = 7A7B112F202A649000C4B4B2 /* StoredSessionTests.swift */; };
		7A7B1133202A65EC00C4B4B2 /* CustomTestAssertions.swift in Sources */ = {isa = PBXBuildFile; fileRef = 7A7B1132202A65EC00C4B4B2 /* CustomTestAssertions.swift */; };
		7A7B1135202A69DA00C4B4B2 /* RealmFetchResolverTests.swift in Sources */ = {isa = PBXBuildFile; fileRef = 7A7B1134202A69DA00C4B4B2 /* RealmFetchResolverTests.swift */; };
		7A7B1137202A6A2E00C4B4B2 /* MockRealmManager.swift in Sources */ = {isa = PBXBuildFile; fileRef = 7A7B1136202A6A2E00C4B4B2 /* MockRealmManager.swift */; };
		7AAEAE3D202A53CD0005F1F3 /* RealmFetchResolver.swift in Sources */ = {isa = PBXBuildFile; fileRef = 7AAEAE3C202A53CD0005F1F3 /* RealmFetchResolver.swift */; };
/* End PBXBuildFile section */

/* Begin PBXContainerItemProxy section */
		7A0D6D63201BC09000067A04 /* PBXContainerItemProxy */ = {
			isa = PBXContainerItemProxy;
			containerPortal = 7A0D6D43201BC09000067A04 /* Project object */;
			proxyType = 1;
			remoteGlobalIDString = 7A0D6D4A201BC09000067A04;
			remoteInfo = Simmer;
		};
/* End PBXContainerItemProxy section */

/* Begin PBXFileReference section */
		1B2063679E6658B8A1CFAD25 /* Pods-SimmerTests.release.xcconfig */ = {isa = PBXFileReference; includeInIndex = 1; lastKnownFileType = text.xcconfig; name = "Pods-SimmerTests.release.xcconfig"; path = "Pods/Target Support Files/Pods-SimmerTests/Pods-SimmerTests.release.xcconfig"; sourceTree = "<group>"; };
		3293AEA53902EAF2EFABE487 /* Pods-SimmerTests.debug.xcconfig */ = {isa = PBXFileReference; includeInIndex = 1; lastKnownFileType = text.xcconfig; name = "Pods-SimmerTests.debug.xcconfig"; path = "Pods/Target Support Files/Pods-SimmerTests/Pods-SimmerTests.debug.xcconfig"; sourceTree = "<group>"; };
		4950183A79E0DE6BA8937D41 /* Pods-Simmer.debug.xcconfig */ = {isa = PBXFileReference; includeInIndex = 1; lastKnownFileType = text.xcconfig; name = "Pods-Simmer.debug.xcconfig"; path = "Pods/Target Support Files/Pods-Simmer/Pods-Simmer.debug.xcconfig"; sourceTree = "<group>"; };
		7A0ABB10202502E5006EA0B3 /* MockFetchResolver.swift */ = {isa = PBXFileReference; lastKnownFileType = sourcecode.swift; path = MockFetchResolver.swift; sourceTree = "<group>"; };
		7A0ABB1320250580006EA0B3 /* MockSessionFetchManagerDelegate.swift */ = {isa = PBXFileReference; lastKnownFileType = sourcecode.swift; path = MockSessionFetchManagerDelegate.swift; sourceTree = "<group>"; };
		7A0D6D4B201BC09000067A04 /* Simmer.app */ = {isa = PBXFileReference; explicitFileType = wrapper.application; includeInIndex = 0; path = Simmer.app; sourceTree = BUILT_PRODUCTS_DIR; };
		7A0D6D4E201BC09000067A04 /* AppDelegate.swift */ = {isa = PBXFileReference; lastKnownFileType = sourcecode.swift; path = AppDelegate.swift; sourceTree = "<group>"; };
		7A0D6D50201BC09000067A04 /* SessionListViewController.swift */ = {isa = PBXFileReference; lastKnownFileType = sourcecode.swift; path = SessionListViewController.swift; sourceTree = "<group>"; };
		7A0D6D53201BC09000067A04 /* Base */ = {isa = PBXFileReference; lastKnownFileType = file.storyboard; name = Base; path = Base.lproj/Main.storyboard; sourceTree = "<group>"; };
		7A0D6D58201BC09000067A04 /* Assets.xcassets */ = {isa = PBXFileReference; lastKnownFileType = folder.assetcatalog; path = Assets.xcassets; sourceTree = "<group>"; };
		7A0D6D5B201BC09000067A04 /* Base */ = {isa = PBXFileReference; lastKnownFileType = file.storyboard; name = Base; path = Base.lproj/LaunchScreen.storyboard; sourceTree = "<group>"; };
		7A0D6D5D201BC09000067A04 /* Info.plist */ = {isa = PBXFileReference; lastKnownFileType = text.plist.xml; path = Info.plist; sourceTree = "<group>"; };
		7A0D6D62201BC09000067A04 /* SimmerTests.xctest */ = {isa = PBXFileReference; explicitFileType = wrapper.cfbundle; includeInIndex = 0; path = SimmerTests.xctest; sourceTree = BUILT_PRODUCTS_DIR; };
		7A0D6D66201BC09000067A04 /* FetchManagerTests.swift */ = {isa = PBXFileReference; lastKnownFileType = sourcecode.swift; path = FetchManagerTests.swift; sourceTree = "<group>"; };
		7A0D6D68201BC09000067A04 /* Info.plist */ = {isa = PBXFileReference; lastKnownFileType = text.plist.xml; path = Info.plist; sourceTree = "<group>"; };
		7A0D6D722022704200067A04 /* FetchManager.swift */ = {isa = PBXFileReference; lastKnownFileType = sourcecode.swift; path = FetchManager.swift; sourceTree = "<group>"; };
		7A0D6D76202271C100067A04 /* FetchResult.swift */ = {isa = PBXFileReference; lastKnownFileType = sourcecode.swift; path = FetchResult.swift; sourceTree = "<group>"; };
		7A0D6D78202272F000067A04 /* SampleFetchResolver.swift */ = {isa = PBXFileReference; lastKnownFileType = sourcecode.swift; path = SampleFetchResolver.swift; sourceTree = "<group>"; };
		7A0D6D7A202272FA00067A04 /* FetchResolver.swift */ = {isa = PBXFileReference; lastKnownFileType = sourcecode.swift; path = FetchResolver.swift; sourceTree = "<group>"; };
		7A0D6D7C20227CAC00067A04 /* StoredSession.swift */ = {isa = PBXFileReference; lastKnownFileType = sourcecode.swift; path = StoredSession.swift; sourceTree = "<group>"; };
		7A7B1128202A612300C4B4B2 /* DisplayableSession.swift */ = {isa = PBXFileReference; lastKnownFileType = sourcecode.swift; path = DisplayableSession.swift; sourceTree = "<group>"; };
		7A7B112B202A628D00C4B4B2 /* RealmManager.swift */ = {isa = PBXFileReference; lastKnownFileType = sourcecode.swift; path = RealmManager.swift; sourceTree = "<group>"; };
		7A7B112F202A649000C4B4B2 /* StoredSessionTests.swift */ = {isa = PBXFileReference; lastKnownFileType = sourcecode.swift; path = StoredSessionTests.swift; sourceTree = "<group>"; };
		7A7B1132202A65EC00C4B4B2 /* CustomTestAssertions.swift */ = {isa = PBXFileReference; lastKnownFileType = sourcecode.swift; path = CustomTestAssertions.swift; sourceTree = "<group>"; };
		7A7B1134202A69DA00C4B4B2 /* RealmFetchResolverTests.swift */ = {isa = PBXFileReference; lastKnownFileType = sourcecode.swift; path = RealmFetchResolverTests.swift; sourceTree = "<group>"; };
		7A7B1136202A6A2E00C4B4B2 /* MockRealmManager.swift */ = {isa = PBXFileReference; lastKnownFileType = sourcecode.swift; path = MockRealmManager.swift; sourceTree = "<group>"; };
		7AAEAE3C202A53CD0005F1F3 /* RealmFetchResolver.swift */ = {isa = PBXFileReference; lastKnownFileType = sourcecode.swift; path = RealmFetchResolver.swift; sourceTree = "<group>"; };
		A43FDAD9FAECA6992E8E2D3E /* Pods_Simmer.framework */ = {isa = PBXFileReference; explicitFileType = wrapper.framework; includeInIndex = 0; path = Pods_Simmer.framework; sourceTree = BUILT_PRODUCTS_DIR; };
		A5D2E02A13DD6A35A776B944 /* Pods_SimmerTests.framework */ = {isa = PBXFileReference; explicitFileType = wrapper.framework; includeInIndex = 0; path = Pods_SimmerTests.framework; sourceTree = BUILT_PRODUCTS_DIR; };
		CE13EFE84C84AAC3C61E9985 /* Pods-Simmer.release.xcconfig */ = {isa = PBXFileReference; includeInIndex = 1; lastKnownFileType = text.xcconfig; name = "Pods-Simmer.release.xcconfig"; path = "Pods/Target Support Files/Pods-Simmer/Pods-Simmer.release.xcconfig"; sourceTree = "<group>"; };
/* End PBXFileReference section */

/* Begin PBXFrameworksBuildPhase section */
		7A0D6D48201BC09000067A04 /* Frameworks */ = {
			isa = PBXFrameworksBuildPhase;
			buildActionMask = 2147483647;
			files = (
				5B6E38594E758FEECEF46F17 /* Pods_Simmer.framework in Frameworks */,
			);
			runOnlyForDeploymentPostprocessing = 0;
		};
		7A0D6D5F201BC09000067A04 /* Frameworks */ = {
			isa = PBXFrameworksBuildPhase;
			buildActionMask = 2147483647;
			files = (
				4590E8F0DABB5ECCDB0F39EB /* Pods_SimmerTests.framework in Frameworks */,
			);
			runOnlyForDeploymentPostprocessing = 0;
		};
/* End PBXFrameworksBuildPhase section */

/* Begin PBXGroup section */
		21CBCE6671F5A1C80213EC44 /* Frameworks */ = {
			isa = PBXGroup;
			children = (
				A43FDAD9FAECA6992E8E2D3E /* Pods_Simmer.framework */,
				A5D2E02A13DD6A35A776B944 /* Pods_SimmerTests.framework */,
			);
			name = Frameworks;
			sourceTree = "<group>";
		};
		7A0ABB0F202502A4006EA0B3 /* Mocks */ = {
			isa = PBXGroup;
			children = (
				7A0ABB10202502E5006EA0B3 /* MockFetchResolver.swift */,
				7A7B1136202A6A2E00C4B4B2 /* MockRealmManager.swift */,
				7A0ABB1320250580006EA0B3 /* MockSessionFetchManagerDelegate.swift */,
			);
			path = Mocks;
			sourceTree = "<group>";
		};
		7A0ABB1220250528006EA0B3 /* Tests */ = {
			isa = PBXGroup;
			children = (
				7A0D6D66201BC09000067A04 /* FetchManagerTests.swift */,
				7A7B1134202A69DA00C4B4B2 /* RealmFetchResolverTests.swift */,
				7A7B112F202A649000C4B4B2 /* StoredSessionTests.swift */,
			);
			path = Tests;
			sourceTree = "<group>";
		};
		7A0D6D42201BC09000067A04 = {
			isa = PBXGroup;
			children = (
				7A0D6D4D201BC09000067A04 /* Simmer */,
				7A0D6D65201BC09000067A04 /* SimmerTests */,
				7A0D6D4C201BC09000067A04 /* Products */,
				D193830FE307D4D146962FCF /* Pods */,
				21CBCE6671F5A1C80213EC44 /* Frameworks */,
			);
			sourceTree = "<group>";
		};
		7A0D6D4C201BC09000067A04 /* Products */ = {
			isa = PBXGroup;
			children = (
				7A0D6D4B201BC09000067A04 /* Simmer.app */,
				7A0D6D62201BC09000067A04 /* SimmerTests.xctest */,
			);
			name = Products;
			sourceTree = "<group>";
		};
		7A0D6D4D201BC09000067A04 /* Simmer */ = {
			isa = PBXGroup;
			children = (
				7A0D6D4E201BC09000067A04 /* AppDelegate.swift */,
				7A0D6D75202270DE00067A04 /* View Controllers */,
				7A0D6D742022706400067A04 /* Data Managers */,
				7A0D6D71202105E900067A04 /* Models */,
				7A0D6D52201BC09000067A04 /* Main.storyboard */,
				7A0D6D58201BC09000067A04 /* Assets.xcassets */,
				7A0D6D5A201BC09000067A04 /* LaunchScreen.storyboard */,
				7A0D6D5D201BC09000067A04 /* Info.plist */,
			);
			path = Simmer;
			sourceTree = "<group>";
		};
		7A0D6D65201BC09000067A04 /* SimmerTests */ = {
			isa = PBXGroup;
			children = (
				7A7B1131202A65DE00C4B4B2 /* Helpers */,
				7A0ABB1220250528006EA0B3 /* Tests */,
				7A0ABB0F202502A4006EA0B3 /* Mocks */,
				7A0D6D68201BC09000067A04 /* Info.plist */,
			);
			path = SimmerTests;
			sourceTree = "<group>";
		};
		7A0D6D71202105E900067A04 /* Models */ = {
			isa = PBXGroup;
			children = (
				7A7B1128202A612300C4B4B2 /* DisplayableSession.swift */,
				7A0D6D7C20227CAC00067A04 /* StoredSession.swift */,
			);
			path = Models;
			sourceTree = "<group>";
		};
		7A0D6D742022706400067A04 /* Data Managers */ = {
			isa = PBXGroup;
			children = (
				7A7B112A202A627900C4B4B2 /* Fetching */,
				7A7B112B202A628D00C4B4B2 /* RealmManager.swift */,
			);
			path = "Data Managers";
			sourceTree = "<group>";
		};
		7A0D6D75202270DE00067A04 /* View Controllers */ = {
			isa = PBXGroup;
			children = (
				7A0D6D50201BC09000067A04 /* SessionListViewController.swift */,
			);
			path = "View Controllers";
			sourceTree = "<group>";
		};
		7A7B112A202A627900C4B4B2 /* Fetching */ = {
			isa = PBXGroup;
			children = (
				7A0D6D722022704200067A04 /* FetchManager.swift */,
				7A0D6D7A202272FA00067A04 /* FetchResolver.swift */,
				7A0D6D78202272F000067A04 /* SampleFetchResolver.swift */,
				7AAEAE3C202A53CD0005F1F3 /* RealmFetchResolver.swift */,
				7A0D6D76202271C100067A04 /* FetchResult.swift */,
			);
			path = Fetching;
			sourceTree = "<group>";
		};
		7A7B1131202A65DE00C4B4B2 /* Helpers */ = {
			isa = PBXGroup;
			children = (
				7A7B1132202A65EC00C4B4B2 /* CustomTestAssertions.swift */,
			);
			path = Helpers;
			sourceTree = "<group>";
		};
		D193830FE307D4D146962FCF /* Pods */ = {
			isa = PBXGroup;
			children = (
				4950183A79E0DE6BA8937D41 /* Pods-Simmer.debug.xcconfig */,
				CE13EFE84C84AAC3C61E9985 /* Pods-Simmer.release.xcconfig */,
				3293AEA53902EAF2EFABE487 /* Pods-SimmerTests.debug.xcconfig */,
				1B2063679E6658B8A1CFAD25 /* Pods-SimmerTests.release.xcconfig */,
			);
			name = Pods;
			sourceTree = "<group>";
		};
/* End PBXGroup section */

/* Begin PBXNativeTarget section */
		7A0D6D4A201BC09000067A04 /* Simmer */ = {
			isa = PBXNativeTarget;
			buildConfigurationList = 7A0D6D6B201BC09000067A04 /* Build configuration list for PBXNativeTarget "Simmer" */;
			buildPhases = (
				EEB95AFB77FF7CEA70F09004 /* [CP] Check Pods Manifest.lock */,
				7A0D6D47201BC09000067A04 /* Sources */,
				7A0D6D48201BC09000067A04 /* Frameworks */,
				7A0D6D49201BC09000067A04 /* Resources */,
				0CCC59063F47BEDFA66567D3 /* [CP] Embed Pods Frameworks */,
				7DDB6ECAF478526D822DD9CE /* [CP] Copy Pods Resources */,
			);
			buildRules = (
			);
			dependencies = (
			);
			name = Simmer;
			productName = Simmer;
			productReference = 7A0D6D4B201BC09000067A04 /* Simmer.app */;
			productType = "com.apple.product-type.application";
		};
		7A0D6D61201BC09000067A04 /* SimmerTests */ = {
			isa = PBXNativeTarget;
			buildConfigurationList = 7A0D6D6E201BC09000067A04 /* Build configuration list for PBXNativeTarget "SimmerTests" */;
			buildPhases = (
				2714179CC87ADE857AB372B9 /* [CP] Check Pods Manifest.lock */,
				7A0D6D5E201BC09000067A04 /* Sources */,
				7A0D6D5F201BC09000067A04 /* Frameworks */,
				7A0D6D60201BC09000067A04 /* Resources */,
				5F0E1EE1C85A1617DBEDB821 /* [CP] Embed Pods Frameworks */,
				07A95C7A2624C4211DC17F91 /* [CP] Copy Pods Resources */,
			);
			buildRules = (
			);
			dependencies = (
				7A0D6D64201BC09000067A04 /* PBXTargetDependency */,
			);
			name = SimmerTests;
			productName = SimmerTests;
			productReference = 7A0D6D62201BC09000067A04 /* SimmerTests.xctest */;
			productType = "com.apple.product-type.bundle.unit-test";
		};
/* End PBXNativeTarget section */

/* Begin PBXProject section */
		7A0D6D43201BC09000067A04 /* Project object */ = {
			isa = PBXProject;
			attributes = {
				LastSwiftUpdateCheck = 0920;
				LastUpgradeCheck = 0920;
				ORGANIZATIONNAME = "Corey Zanotti";
				TargetAttributes = {
					7A0D6D4A201BC09000067A04 = {
						CreatedOnToolsVersion = 9.2;
						ProvisioningStyle = Automatic;
					};
					7A0D6D61201BC09000067A04 = {
						CreatedOnToolsVersion = 9.2;
						ProvisioningStyle = Automatic;
						TestTargetID = 7A0D6D4A201BC09000067A04;
					};
				};
			};
			buildConfigurationList = 7A0D6D46201BC09000067A04 /* Build configuration list for PBXProject "Simmer" */;
			compatibilityVersion = "Xcode 8.0";
			developmentRegion = en;
			hasScannedForEncodings = 0;
			knownRegions = (
				en,
				Base,
			);
			mainGroup = 7A0D6D42201BC09000067A04;
			productRefGroup = 7A0D6D4C201BC09000067A04 /* Products */;
			projectDirPath = "";
			projectRoot = "";
			targets = (
				7A0D6D4A201BC09000067A04 /* Simmer */,
				7A0D6D61201BC09000067A04 /* SimmerTests */,
			);
		};
/* End PBXProject section */

/* Begin PBXResourcesBuildPhase section */
		7A0D6D49201BC09000067A04 /* Resources */ = {
			isa = PBXResourcesBuildPhase;
			buildActionMask = 2147483647;
			files = (
				7A0D6D5C201BC09000067A04 /* LaunchScreen.storyboard in Resources */,
				7A0D6D59201BC09000067A04 /* Assets.xcassets in Resources */,
				7A0D6D54201BC09000067A04 /* Main.storyboard in Resources */,
			);
			runOnlyForDeploymentPostprocessing = 0;
		};
		7A0D6D60201BC09000067A04 /* Resources */ = {
			isa = PBXResourcesBuildPhase;
			buildActionMask = 2147483647;
			files = (
			);
			runOnlyForDeploymentPostprocessing = 0;
		};
/* End PBXResourcesBuildPhase section */

/* Begin PBXShellScriptBuildPhase section */
		07A95C7A2624C4211DC17F91 /* [CP] Copy Pods Resources */ = {
			isa = PBXShellScriptBuildPhase;
			buildActionMask = 2147483647;
			files = (
			);
			inputPaths = (
			);
			name = "[CP] Copy Pods Resources";
			outputPaths = (
			);
			runOnlyForDeploymentPostprocessing = 0;
			shellPath = /bin/sh;
			shellScript = "\"${SRCROOT}/Pods/Target Support Files/Pods-SimmerTests/Pods-SimmerTests-resources.sh\"\n";
			showEnvVarsInLog = 0;
		};
		0CCC59063F47BEDFA66567D3 /* [CP] Embed Pods Frameworks */ = {
			isa = PBXShellScriptBuildPhase;
			buildActionMask = 2147483647;
			files = (
			);
			inputPaths = (
				"${SRCROOT}/Pods/Target Support Files/Pods-Simmer/Pods-Simmer-frameworks.sh",
				"${BUILT_PRODUCTS_DIR}/Realm/Realm.framework",
				"${BUILT_PRODUCTS_DIR}/RealmSwift/RealmSwift.framework",
			);
			name = "[CP] Embed Pods Frameworks";
			outputPaths = (
				"${TARGET_BUILD_DIR}/${FRAMEWORKS_FOLDER_PATH}/Realm.framework",
				"${TARGET_BUILD_DIR}/${FRAMEWORKS_FOLDER_PATH}/RealmSwift.framework",
			);
			runOnlyForDeploymentPostprocessing = 0;
			shellPath = /bin/sh;
			shellScript = "\"${SRCROOT}/Pods/Target Support Files/Pods-Simmer/Pods-Simmer-frameworks.sh\"\n";
			showEnvVarsInLog = 0;
		};
		2714179CC87ADE857AB372B9 /* [CP] Check Pods Manifest.lock */ = {
			isa = PBXShellScriptBuildPhase;
			buildActionMask = 2147483647;
			files = (
			);
			inputPaths = (
				"${PODS_PODFILE_DIR_PATH}/Podfile.lock",
				"${PODS_ROOT}/Manifest.lock",
			);
			name = "[CP] Check Pods Manifest.lock";
			outputPaths = (
				"$(DERIVED_FILE_DIR)/Pods-SimmerTests-checkManifestLockResult.txt",
			);
			runOnlyForDeploymentPostprocessing = 0;
			shellPath = /bin/sh;
			shellScript = "diff \"${PODS_PODFILE_DIR_PATH}/Podfile.lock\" \"${PODS_ROOT}/Manifest.lock\" > /dev/null\nif [ $? != 0 ] ; then\n    # print error to STDERR\n    echo \"error: The sandbox is not in sync with the Podfile.lock. Run 'pod install' or update your CocoaPods installation.\" >&2\n    exit 1\nfi\n# This output is used by Xcode 'outputs' to avoid re-running this script phase.\necho \"SUCCESS\" > \"${SCRIPT_OUTPUT_FILE_0}\"\n";
			showEnvVarsInLog = 0;
		};
		5F0E1EE1C85A1617DBEDB821 /* [CP] Embed Pods Frameworks */ = {
			isa = PBXShellScriptBuildPhase;
			buildActionMask = 2147483647;
			files = (
			);
			inputPaths = (
			);
			name = "[CP] Embed Pods Frameworks";
			outputPaths = (
			);
			runOnlyForDeploymentPostprocessing = 0;
			shellPath = /bin/sh;
			shellScript = "\"${SRCROOT}/Pods/Target Support Files/Pods-SimmerTests/Pods-SimmerTests-frameworks.sh\"\n";
			showEnvVarsInLog = 0;
		};
		7DDB6ECAF478526D822DD9CE /* [CP] Copy Pods Resources */ = {
			isa = PBXShellScriptBuildPhase;
			buildActionMask = 2147483647;
			files = (
			);
			inputPaths = (
			);
			name = "[CP] Copy Pods Resources";
			outputPaths = (
			);
			runOnlyForDeploymentPostprocessing = 0;
			shellPath = /bin/sh;
			shellScript = "\"${SRCROOT}/Pods/Target Support Files/Pods-Simmer/Pods-Simmer-resources.sh\"\n";
			showEnvVarsInLog = 0;
		};
		EEB95AFB77FF7CEA70F09004 /* [CP] Check Pods Manifest.lock */ = {
			isa = PBXShellScriptBuildPhase;
			buildActionMask = 2147483647;
			files = (
			);
			inputPaths = (
				"${PODS_PODFILE_DIR_PATH}/Podfile.lock",
				"${PODS_ROOT}/Manifest.lock",
			);
			name = "[CP] Check Pods Manifest.lock";
			outputPaths = (
				"$(DERIVED_FILE_DIR)/Pods-Simmer-checkManifestLockResult.txt",
			);
			runOnlyForDeploymentPostprocessing = 0;
			shellPath = /bin/sh;
			shellScript = "diff \"${PODS_PODFILE_DIR_PATH}/Podfile.lock\" \"${PODS_ROOT}/Manifest.lock\" > /dev/null\nif [ $? != 0 ] ; then\n    # print error to STDERR\n    echo \"error: The sandbox is not in sync with the Podfile.lock. Run 'pod install' or update your CocoaPods installation.\" >&2\n    exit 1\nfi\n# This output is used by Xcode 'outputs' to avoid re-running this script phase.\necho \"SUCCESS\" > \"${SCRIPT_OUTPUT_FILE_0}\"\n";
			showEnvVarsInLog = 0;
		};
/* End PBXShellScriptBuildPhase section */

/* Begin PBXSourcesBuildPhase section */
		7A0D6D47201BC09000067A04 /* Sources */ = {
			isa = PBXSourcesBuildPhase;
			buildActionMask = 2147483647;
			files = (
				7AAEAE3D202A53CD0005F1F3 /* RealmFetchResolver.swift in Sources */,
				7A0D6D7B202272FA00067A04 /* FetchResolver.swift in Sources */,
				7A0D6D51201BC09000067A04 /* SessionListViewController.swift in Sources */,
				7A0D6D732022704200067A04 /* FetchManager.swift in Sources */,
				7A0D6D79202272F000067A04 /* SampleFetchResolver.swift in Sources */,
				7A0D6D7D20227CAC00067A04 /* StoredSession.swift in Sources */,
				7A7B1129202A612300C4B4B2 /* DisplayableSession.swift in Sources */,
				7A7B112C202A628D00C4B4B2 /* RealmManager.swift in Sources */,
				7A0D6D4F201BC09000067A04 /* AppDelegate.swift in Sources */,
				7A0D6D77202271C100067A04 /* FetchResult.swift in Sources */,
			);
			runOnlyForDeploymentPostprocessing = 0;
		};
		7A0D6D5E201BC09000067A04 /* Sources */ = {
			isa = PBXSourcesBuildPhase;
			buildActionMask = 2147483647;
			files = (
				7A0ABB11202502E5006EA0B3 /* MockFetchResolver.swift in Sources */,
				7A0D6D67201BC09000067A04 /* FetchManagerTests.swift in Sources */,
				7A0ABB1420250580006EA0B3 /* MockSessionFetchManagerDelegate.swift in Sources */,
				7A7B1137202A6A2E00C4B4B2 /* MockRealmManager.swift in Sources */,
				7A7B1130202A649000C4B4B2 /* StoredSessionTests.swift in Sources */,
				7A7B1135202A69DA00C4B4B2 /* RealmFetchResolverTests.swift in Sources */,
				7A7B1133202A65EC00C4B4B2 /* CustomTestAssertions.swift in Sources */,
			);
			runOnlyForDeploymentPostprocessing = 0;
		};
/* End PBXSourcesBuildPhase section */

/* Begin PBXTargetDependency section */
		7A0D6D64201BC09000067A04 /* PBXTargetDependency */ = {
			isa = PBXTargetDependency;
			target = 7A0D6D4A201BC09000067A04 /* Simmer */;
			targetProxy = 7A0D6D63201BC09000067A04 /* PBXContainerItemProxy */;
		};
/* End PBXTargetDependency section */

/* Begin PBXVariantGroup section */
		7A0D6D52201BC09000067A04 /* Main.storyboard */ = {
			isa = PBXVariantGroup;
			children = (
				7A0D6D53201BC09000067A04 /* Base */,
			);
			name = Main.storyboard;
			sourceTree = "<group>";
		};
		7A0D6D5A201BC09000067A04 /* LaunchScreen.storyboard */ = {
			isa = PBXVariantGroup;
			children = (
				7A0D6D5B201BC09000067A04 /* Base */,
			);
			name = LaunchScreen.storyboard;
			sourceTree = "<group>";
		};
/* End PBXVariantGroup section */

/* Begin XCBuildConfiguration section */
		7A0D6D69201BC09000067A04 /* Debug */ = {
			isa = XCBuildConfiguration;
			buildSettings = {
				ALWAYS_SEARCH_USER_PATHS = NO;
				CLANG_ANALYZER_NONNULL = YES;
				CLANG_ANALYZER_NUMBER_OBJECT_CONVERSION = YES_AGGRESSIVE;
				CLANG_CXX_LANGUAGE_STANDARD = "gnu++14";
				CLANG_CXX_LIBRARY = "libc++";
				CLANG_ENABLE_MODULES = YES;
				CLANG_ENABLE_OBJC_ARC = YES;
				CLANG_WARN_BLOCK_CAPTURE_AUTORELEASING = YES;
				CLANG_WARN_BOOL_CONVERSION = YES;
				CLANG_WARN_COMMA = YES;
				CLANG_WARN_CONSTANT_CONVERSION = YES;
				CLANG_WARN_DIRECT_OBJC_ISA_USAGE = YES_ERROR;
				CLANG_WARN_DOCUMENTATION_COMMENTS = YES;
				CLANG_WARN_EMPTY_BODY = YES;
				CLANG_WARN_ENUM_CONVERSION = YES;
				CLANG_WARN_INFINITE_RECURSION = YES;
				CLANG_WARN_INT_CONVERSION = YES;
				CLANG_WARN_NON_LITERAL_NULL_CONVERSION = YES;
				CLANG_WARN_OBJC_LITERAL_CONVERSION = YES;
				CLANG_WARN_OBJC_ROOT_CLASS = YES_ERROR;
				CLANG_WARN_RANGE_LOOP_ANALYSIS = YES;
				CLANG_WARN_STRICT_PROTOTYPES = YES;
				CLANG_WARN_SUSPICIOUS_MOVE = YES;
				CLANG_WARN_UNGUARDED_AVAILABILITY = YES_AGGRESSIVE;
				CLANG_WARN_UNREACHABLE_CODE = YES;
				CLANG_WARN__DUPLICATE_METHOD_MATCH = YES;
				CODE_SIGN_IDENTITY = "iPhone Developer";
				COPY_PHASE_STRIP = NO;
				DEBUG_INFORMATION_FORMAT = dwarf;
				ENABLE_STRICT_OBJC_MSGSEND = YES;
				ENABLE_TESTABILITY = YES;
				GCC_C_LANGUAGE_STANDARD = gnu11;
				GCC_DYNAMIC_NO_PIC = NO;
				GCC_NO_COMMON_BLOCKS = YES;
				GCC_OPTIMIZATION_LEVEL = 0;
				GCC_PREPROCESSOR_DEFINITIONS = (
					"DEBUG=1",
					"$(inherited)",
				);
				GCC_WARN_64_TO_32_BIT_CONVERSION = YES;
				GCC_WARN_ABOUT_RETURN_TYPE = YES_ERROR;
				GCC_WARN_UNDECLARED_SELECTOR = YES;
				GCC_WARN_UNINITIALIZED_AUTOS = YES_AGGRESSIVE;
				GCC_WARN_UNUSED_FUNCTION = YES;
				GCC_WARN_UNUSED_VARIABLE = YES;
				IPHONEOS_DEPLOYMENT_TARGET = 11.2;
				MTL_ENABLE_DEBUG_INFO = YES;
				ONLY_ACTIVE_ARCH = YES;
				SDKROOT = iphoneos;
				SWIFT_ACTIVE_COMPILATION_CONDITIONS = DEBUG;
				SWIFT_OPTIMIZATION_LEVEL = "-Onone";
			};
			name = Debug;
		};
		7A0D6D6A201BC09000067A04 /* Release */ = {
			isa = XCBuildConfiguration;
			buildSettings = {
				ALWAYS_SEARCH_USER_PATHS = NO;
				CLANG_ANALYZER_NONNULL = YES;
				CLANG_ANALYZER_NUMBER_OBJECT_CONVERSION = YES_AGGRESSIVE;
				CLANG_CXX_LANGUAGE_STANDARD = "gnu++14";
				CLANG_CXX_LIBRARY = "libc++";
				CLANG_ENABLE_MODULES = YES;
				CLANG_ENABLE_OBJC_ARC = YES;
				CLANG_WARN_BLOCK_CAPTURE_AUTORELEASING = YES;
				CLANG_WARN_BOOL_CONVERSION = YES;
				CLANG_WARN_COMMA = YES;
				CLANG_WARN_CONSTANT_CONVERSION = YES;
				CLANG_WARN_DIRECT_OBJC_ISA_USAGE = YES_ERROR;
				CLANG_WARN_DOCUMENTATION_COMMENTS = YES;
				CLANG_WARN_EMPTY_BODY = YES;
				CLANG_WARN_ENUM_CONVERSION = YES;
				CLANG_WARN_INFINITE_RECURSION = YES;
				CLANG_WARN_INT_CONVERSION = YES;
				CLANG_WARN_NON_LITERAL_NULL_CONVERSION = YES;
				CLANG_WARN_OBJC_LITERAL_CONVERSION = YES;
				CLANG_WARN_OBJC_ROOT_CLASS = YES_ERROR;
				CLANG_WARN_RANGE_LOOP_ANALYSIS = YES;
				CLANG_WARN_STRICT_PROTOTYPES = YES;
				CLANG_WARN_SUSPICIOUS_MOVE = YES;
				CLANG_WARN_UNGUARDED_AVAILABILITY = YES_AGGRESSIVE;
				CLANG_WARN_UNREACHABLE_CODE = YES;
				CLANG_WARN__DUPLICATE_METHOD_MATCH = YES;
				CODE_SIGN_IDENTITY = "iPhone Developer";
				COPY_PHASE_STRIP = NO;
				DEBUG_INFORMATION_FORMAT = "dwarf-with-dsym";
				ENABLE_NS_ASSERTIONS = NO;
				ENABLE_STRICT_OBJC_MSGSEND = YES;
				GCC_C_LANGUAGE_STANDARD = gnu11;
				GCC_NO_COMMON_BLOCKS = YES;
				GCC_WARN_64_TO_32_BIT_CONVERSION = YES;
				GCC_WARN_ABOUT_RETURN_TYPE = YES_ERROR;
				GCC_WARN_UNDECLARED_SELECTOR = YES;
				GCC_WARN_UNINITIALIZED_AUTOS = YES_AGGRESSIVE;
				GCC_WARN_UNUSED_FUNCTION = YES;
				GCC_WARN_UNUSED_VARIABLE = YES;
				IPHONEOS_DEPLOYMENT_TARGET = 11.2;
				MTL_ENABLE_DEBUG_INFO = NO;
				SDKROOT = iphoneos;
				SWIFT_OPTIMIZATION_LEVEL = "-Owholemodule";
				VALIDATE_PRODUCT = YES;
			};
			name = Release;
		};
		7A0D6D6C201BC09000067A04 /* Debug */ = {
			isa = XCBuildConfiguration;
			baseConfigurationReference = 4950183A79E0DE6BA8937D41 /* Pods-Simmer.debug.xcconfig */;
			buildSettings = {
				ASSETCATALOG_COMPILER_APPICON_NAME = AppIcon;
				CODE_SIGN_STYLE = Automatic;
				DEVELOPMENT_TEAM = PND8ZPJHLJ;
				INFOPLIST_FILE = Simmer/Info.plist;
				LD_RUNPATH_SEARCH_PATHS = "$(inherited) @executable_path/Frameworks";
				PRODUCT_BUNDLE_IDENTIFIER = coreyTheDev.Simmer;
				PRODUCT_NAME = "$(TARGET_NAME)";
				SWIFT_VERSION = 4.0;
				TARGETED_DEVICE_FAMILY = "1,2";
			};
			name = Debug;
		};
		7A0D6D6D201BC09000067A04 /* Release */ = {
			isa = XCBuildConfiguration;
			baseConfigurationReference = CE13EFE84C84AAC3C61E9985 /* Pods-Simmer.release.xcconfig */;
			buildSettings = {
				ASSETCATALOG_COMPILER_APPICON_NAME = AppIcon;
				CODE_SIGN_STYLE = Automatic;
				DEVELOPMENT_TEAM = PND8ZPJHLJ;
				INFOPLIST_FILE = Simmer/Info.plist;
				LD_RUNPATH_SEARCH_PATHS = "$(inherited) @executable_path/Frameworks";
				PRODUCT_BUNDLE_IDENTIFIER = coreyTheDev.Simmer;
				PRODUCT_NAME = "$(TARGET_NAME)";
				SWIFT_VERSION = 4.0;
				TARGETED_DEVICE_FAMILY = "1,2";
			};
			name = Release;
		};
		7A0D6D6F201BC09000067A04 /* Debug */ = {
			isa = XCBuildConfiguration;
			baseConfigurationReference = 3293AEA53902EAF2EFABE487 /* Pods-SimmerTests.debug.xcconfig */;
			buildSettings = {
				ALWAYS_EMBED_SWIFT_STANDARD_LIBRARIES = YES;
				BUNDLE_LOADER = "$(TEST_HOST)";
				CODE_SIGN_STYLE = Automatic;
				DEVELOPMENT_TEAM = PND8ZPJHLJ;
				INFOPLIST_FILE = SimmerTests/Info.plist;
				LD_RUNPATH_SEARCH_PATHS = "$(inherited) @executable_path/Frameworks @loader_path/Frameworks";
				PRODUCT_BUNDLE_IDENTIFIER = coreyTheDev.SimmerTests;
				PRODUCT_NAME = "$(TARGET_NAME)";
				SWIFT_VERSION = 4.0;
				TARGETED_DEVICE_FAMILY = "1,2";
				TEST_HOST = "$(BUILT_PRODUCTS_DIR)/Simmer.app/Simmer";
			};
			name = Debug;
		};
		7A0D6D70201BC09000067A04 /* Release */ = {
			isa = XCBuildConfiguration;
			baseConfigurationReference = 1B2063679E6658B8A1CFAD25 /* Pods-SimmerTests.release.xcconfig */;
			buildSettings = {
				ALWAYS_EMBED_SWIFT_STANDARD_LIBRARIES = YES;
				BUNDLE_LOADER = "$(TEST_HOST)";
				CODE_SIGN_STYLE = Automatic;
				DEVELOPMENT_TEAM = PND8ZPJHLJ;
				INFOPLIST_FILE = SimmerTests/Info.plist;
				LD_RUNPATH_SEARCH_PATHS = "$(inherited) @executable_path/Frameworks @loader_path/Frameworks";
				PRODUCT_BUNDLE_IDENTIFIER = coreyTheDev.SimmerTests;
				PRODUCT_NAME = "$(TARGET_NAME)";
				SWIFT_VERSION = 4.0;
				TARGETED_DEVICE_FAMILY = "1,2";
				TEST_HOST = "$(BUILT_PRODUCTS_DIR)/Simmer.app/Simmer";
			};
			name = Release;
		};
/* End XCBuildConfiguration section */

/* Begin XCConfigurationList section */
		7A0D6D46201BC09000067A04 /* Build configuration list for PBXProject "Simmer" */ = {
			isa = XCConfigurationList;
			buildConfigurations = (
				7A0D6D69201BC09000067A04 /* Debug */,
				7A0D6D6A201BC09000067A04 /* Release */,
			);
			defaultConfigurationIsVisible = 0;
			defaultConfigurationName = Release;
		};
		7A0D6D6B201BC09000067A04 /* Build configuration list for PBXNativeTarget "Simmer" */ = {
			isa = XCConfigurationList;
			buildConfigurations = (
				7A0D6D6C201BC09000067A04 /* Debug */,
				7A0D6D6D201BC09000067A04 /* Release */,
			);
			defaultConfigurationIsVisible = 0;
			defaultConfigurationName = Release;
		};
		7A0D6D6E201BC09000067A04 /* Build configuration list for PBXNativeTarget "SimmerTests" */ = {
			isa = XCConfigurationList;
			buildConfigurations = (
				7A0D6D6F201BC09000067A04 /* Debug */,
				7A0D6D70201BC09000067A04 /* Release */,
			);
			defaultConfigurationIsVisible = 0;
			defaultConfigurationName = Release;
		};
/* End XCConfigurationList section */
	};
	rootObject = 7A0D6D43201BC09000067A04 /* Project object */;
}
